
Microsoft Visual Studio Solution File, Format Version 12.00
# Visual Studio 15
VisualStudioVersion = 15.0.26124.0
MinimumVisualStudioVersion = 15.0.26124.0
Project("{2150E333-8FDC-42A3-9474-1A3956D46DE8}") = "src", "src", "{77C2E5CE-535F-40CD-9255-D77A2691CDFC}"
EndProject
Project("{FAE04EC0-301F-11D3-BF4B-00C04F79EFBC}") = "Redis-Cache-Api", "src\Redis-Cache-Api\Redis-Cache-Api.csproj", "{66379C0B-D173-4704-A4F2-1A39A9000385}"
EndProject
Project("{FAE04EC0-301F-11D3-BF4B-00C04F79EFBC}") = "Redis-Cache-Services", "src\Redis-Cache-Services\Redis-Cache-Services.csproj", "{D7937390-FE27-41B0-BC87-58BB22F8969B}"
EndProject
Project("{FAE04EC0-301F-11D3-BF4B-00C04F79EFBC}") = "Redis-Cache-Common", "src\Redis-Cache-Common\Redis-Cache-Common.csproj", "{BCFA5D70-55BD-4573-85E8-578D4DAD8D9C}"
EndProject
Global
	GlobalSection(SolutionConfigurationPlatforms) = preSolution
		Debug|Any CPU = Debug|Any CPU
		Debug|x64 = Debug|x64
		Debug|x86 = Debug|x86
		Release|Any CPU = Release|Any CPU
		Release|x64 = Release|x64
		Release|x86 = Release|x86
	EndGlobalSection
	GlobalSection(SolutionProperties) = preSolution
		HideSolutionNode = FALSE
	EndGlobalSection
	GlobalSection(ProjectConfigurationPlatforms) = postSolution
		{66379C0B-D173-4704-A4F2-1A39A9000385}.Debug|Any CPU.ActiveCfg = Debug|Any CPU
		{66379C0B-D173-4704-A4F2-1A39A9000385}.Debug|Any CPU.Build.0 = Debug|Any CPU
		{66379C0B-D173-4704-A4F2-1A39A9000385}.Debug|x64.ActiveCfg = Debug|Any CPU
		{66379C0B-D173-4704-A4F2-1A39A9000385}.Debug|x64.Build.0 = Debug|Any CPU
		{66379C0B-D173-4704-A4F2-1A39A9000385}.Debug|x86.ActiveCfg = Debug|Any CPU
		{66379C0B-D173-4704-A4F2-1A39A9000385}.Debug|x86.Build.0 = Debug|Any CPU
		{66379C0B-D173-4704-A4F2-1A39A9000385}.Release|Any CPU.ActiveCfg = Release|Any CPU
		{66379C0B-D173-4704-A4F2-1A39A9000385}.Release|Any CPU.Build.0 = Release|Any CPU
		{66379C0B-D173-4704-A4F2-1A39A9000385}.Release|x64.ActiveCfg = Release|Any CPU
		{66379C0B-D173-4704-A4F2-1A39A9000385}.Release|x64.Build.0 = Release|Any CPU
		{66379C0B-D173-4704-A4F2-1A39A9000385}.Release|x86.ActiveCfg = Release|Any CPU
		{66379C0B-D173-4704-A4F2-1A39A9000385}.Release|x86.Build.0 = Release|Any CPU
		{D7937390-FE27-41B0-BC87-58BB22F8969B}.Debug|Any CPU.ActiveCfg = Debug|Any CPU
		{D7937390-FE27-41B0-BC87-58BB22F8969B}.Debug|Any CPU.Build.0 = Debug|Any CPU
		{D7937390-FE27-41B0-BC87-58BB22F8969B}.Debug|x64.ActiveCfg = Debug|Any CPU
		{D7937390-FE27-41B0-BC87-58BB22F8969B}.Debug|x64.Build.0 = Debug|Any CPU
		{D7937390-FE27-41B0-BC87-58BB22F8969B}.Debug|x86.ActiveCfg = Debug|Any CPU
		{D7937390-FE27-41B0-BC87-58BB22F8969B}.Debug|x86.Build.0 = Debug|Any CPU
		{D7937390-FE27-41B0-BC87-58BB22F8969B}.Release|Any CPU.ActiveCfg = Release|Any CPU
		{D7937390-FE27-41B0-BC87-58BB22F8969B}.Release|Any CPU.Build.0 = Release|Any CPU
		{D7937390-FE27-41B0-BC87-58BB22F8969B}.Release|x64.ActiveCfg = Release|Any CPU
		{D7937390-FE27-41B0-BC87-58BB22F8969B}.Release|x64.Build.0 = Release|Any CPU
		{D7937390-FE27-41B0-BC87-58BB22F8969B}.Release|x86.ActiveCfg = Release|Any CPU
		{D7937390-FE27-41B0-BC87-58BB22F8969B}.Release|x86.Build.0 = Release|Any CPU
		{BCFA5D70-55BD-4573-85E8-578D4DAD8D9C}.Debug|Any CPU.ActiveCfg = Debug|Any CPU
		{BCFA5D70-55BD-4573-85E8-578D4DAD8D9C}.Debug|Any CPU.Build.0 = Debug|Any CPU
		{BCFA5D70-55BD-4573-85E8-578D4DAD8D9C}.Debug|x64.ActiveCfg = Debug|Any CPU
		{BCFA5D70-55BD-4573-85E8-578D4DAD8D9C}.Debug|x64.Build.0 = Debug|Any CPU
		{BCFA5D70-55BD-4573-85E8-578D4DAD8D9C}.Debug|x86.ActiveCfg = Debug|Any CPU
		{BCFA5D70-55BD-4573-85E8-578D4DAD8D9C}.Debug|x86.Build.0 = Debug|Any CPU
		{BCFA5D70-55BD-4573-85E8-578D4DAD8D9C}.Release|Any CPU.ActiveCfg = Release|Any CPU
		{BCFA5D70-55BD-4573-85E8-578D4DAD8D9C}.Release|Any CPU.Build.0 = Release|Any CPU
		{BCFA5D70-55BD-4573-85E8-578D4DAD8D9C}.Release|x64.ActiveCfg = Release|Any CPU
		{BCFA5D70-55BD-4573-85E8-578D4DAD8D9C}.Release|x64.Build.0 = Release|Any CPU
		{BCFA5D70-55BD-4573-85E8-578D4DAD8D9C}.Release|x86.ActiveCfg = Release|Any CPU
		{BCFA5D70-55BD-4573-85E8-578D4DAD8D9C}.Release|x86.Build.0 = Release|Any CPU
	EndGlobalSection
	GlobalSection(NestedProjects) = preSolution
		{66379C0B-D173-4704-A4F2-1A39A9000385} = {77C2E5CE-535F-40CD-9255-D77A2691CDFC}
		{D7937390-FE27-41B0-BC87-58BB22F8969B} = {77C2E5CE-535F-40CD-9255-D77A2691CDFC}
		{BCFA5D70-55BD-4573-85E8-578D4DAD8D9C} = {77C2E5CE-535F-40CD-9255-D77A2691CDFC}
	EndGlobalSection
EndGlobal
